<?xml version="1.0" encoding="utf-8"?>
<Project ToolsVersion="4.0" xmlns="http://schemas.microsoft.com/developer/msbuild/2003">
  <ItemGroup>
    <ClCompile Include="..\Source\Game\source\GameState.cpp" />
    <ClCompile Include="..\Source\Game\source\GameWorld.cpp" />
    <ClCompile Include="..\Source\Game\source\Go.cpp" />
    <ClCompile Include="..\Source\Game\source\HUD.cpp" />
    <ClCompile Include="..\Source\Game\source\Helicopter.cpp" />
    <ClCompile Include="..\Source\Game\source\Player.cpp" />
    <ClCompile Include="..\Source\Game\source\Terrain.cpp" />
    <ClCompile Include="..\Source\Game\source\Utils.cpp" />
    <ClCompile Include="..\Source\Game\source\Ball.cpp">
      <Filter>OLD</Filter>
    </ClCompile>
    <ClCompile Include="..\Source\Game\source\Enemy.cpp">
      <Filter>OLD</Filter>
    </ClCompile>
    <ClCompile Include="..\Source\Game\source\Paddle.cpp">
      <Filter>OLD</Filter>
    </ClCompile>
    <ClCompile Include="..\Source\Game\source\TerrainPiece.cpp" />
  </ItemGroup>
  <ItemGroup>
    <ClInclude Include="..\Source\Game\source\Config.h" />
    <ClInclude Include="..\Source\Game\source\GameState.h" />
    <ClInclude Include="..\Source\Game\source\GameWorld.h" />
    <ClInclude Include="..\Source\Game\source\Go.h" />
    <ClInclude Include="..\Source\Game\source\HUD.h" />
    <ClInclude Include="..\Source\Game\source\Helicopter.h" />
    <ClInclude Include="..\Source\Game\source\Player.h" />
    <ClInclude Include="..\Source\Game\source\Terrain.h" />
    <ClInclude Include="..\Source\Game\source\Utils.h" />
    <ClInclude Include="..\Source\Game\source\Ball.h">
      <Filter>OLD</Filter>
    </ClInclude>
    <ClInclude Include="..\Source\Game\source\Enemy.h">
      <Filter>OLD</Filter>
    </ClInclude>
    <ClInclude Include="..\Source\Game\source\Paddle.h">
      <Filter>OLD</Filter>
    </ClInclude>
    <ClInclude Include="..\Source\Game\source\TerrainPiece.h" />
  </ItemGroup>
  <ItemGroup>
    <Filter Include="OLD">
      <UniqueIdentifier>{d138e380-6980-43e7-93f7-24449d60166c}</UniqueIdentifier>
    </Filter>
  </ItemGroup>
</Project>