<?xml version="1.0" encoding="utf-8"?>
<Project ToolsVersion="4.0" xmlns="http://schemas.microsoft.com/developer/msbuild/2003">
  <ItemGroup>
    <Filter Include="Source Files">
      <UniqueIdentifier>{4FC737F1-C7A5-4376-A066-2A32D752A2FF}</UniqueIdentifier>
      <Extensions>cpp;c;cc;cxx;c++;cppm;ixx;def;odl;idl;hpj;bat;asm;asmx</Extensions>
    </Filter>
    <Filter Include="Header Files">
      <UniqueIdentifier>{93995380-89BD-4b04-88EB-625FBE52EBFB}</UniqueIdentifier>
      <Extensions>h;hh;hpp;hxx;h++;hm;inl;inc;ipp;xsd</Extensions>
    </Filter>
    <Filter Include="Resource Files">
      <UniqueIdentifier>{67DA6AB6-F800-4c08-8B7A-83BB121AAD01}</UniqueIdentifier>
      <Extensions>rc;ico;cur;bmp;dlg;rc2;rct;bin;rgs;gif;jpg;jpeg;jpe;resx;tiff;tif;png;wav;mfcribbon-ms</Extensions>
    </Filter>
    <Filter Include="Source Files\World">
      <UniqueIdentifier>{ce96c1eb-d356-4b0b-b3c0-9d1ef3c7d6a5}</UniqueIdentifier>
    </Filter>
    <Filter Include="Header Files\Types">
      <UniqueIdentifier>{98ab5f86-8a59-4306-b93e-1f1e7fc9e74f}</UniqueIdentifier>
    </Filter>
    <Filter Include="Source Files\World\Factories">
      <UniqueIdentifier>{ec56e5e1-c704-4567-89fc-16bf117557dd}</UniqueIdentifier>
    </Filter>
    <Filter Include="Source Files\Characters">
      <UniqueIdentifier>{2ab4960f-ed3a-4c6e-9748-8bae3ea98bd6}</UniqueIdentifier>
    </Filter>
    <Filter Include="Source Files\Extra">
      <UniqueIdentifier>{25cda52f-7ee3-41d1-9819-a2dc237e7c49}</UniqueIdentifier>
    </Filter>
    <Filter Include="Source Files\World\Objects">
      <UniqueIdentifier>{5a979bc3-dd21-41ce-8ff8-e726e51d7bf0}</UniqueIdentifier>
    </Filter>
    <Filter Include="Source Files\World\Level">
      <UniqueIdentifier>{6e855f76-1cf6-4060-922d-d3b4123cde64}</UniqueIdentifier>
    </Filter>
    <Filter Include="Source Files\Characters\Inventory">
      <UniqueIdentifier>{9e522239-0362-44ad-98ca-06786c666e28}</UniqueIdentifier>
    </Filter>
  </ItemGroup>
  <ItemGroup>
    <ClCompile Include="Main.cpp">
      <Filter>Source Files</Filter>
    </ClCompile>
    <ClCompile Include="Diablo.cpp">
      <Filter>Source Files</Filter>
    </ClCompile>
    <ClCompile Include="WorldMap.cpp">
      <Filter>Source Files\World</Filter>
    </ClCompile>
    <ClCompile Include="Player.cpp">
      <Filter>Source Files\Characters</Filter>
    </ClCompile>
    <ClCompile Include="PlayerController.cpp">
      <Filter>Source Files\Characters</Filter>
    </ClCompile>
    <ClCompile Include="ItemFactory.cpp">
      <Filter>Source Files\World\Factories</Filter>
    </ClCompile>
    <ClCompile Include="EnemyFactory.cpp">
      <Filter>Source Files\World\Factories</Filter>
    </ClCompile>
    <ClCompile Include="SpellFactory.cpp">
      <Filter>Source Files\World\Factories</Filter>
    </ClCompile>
    <ClCompile Include="Enemy.cpp">
      <Filter>Source Files\Characters</Filter>
    </ClCompile>
    <ClCompile Include="Cheats.cpp">
      <Filter>Source Files\Extra</Filter>
    </ClCompile>
    <ClCompile Include="Utils.cpp">
      <Filter>Source Files\Extra</Filter>
    </ClCompile>
    <ClCompile Include="Item.cpp">
      <Filter>Source Files\World\Objects</Filter>
    </ClCompile>
    <ClCompile Include="Spell.cpp">
      <Filter>Source Files\World\Objects</Filter>
    </ClCompile>
    <ClCompile Include="Chest.cpp">
      <Filter>Source Files\World\Level</Filter>
    </ClCompile>
    <ClCompile Include="Door.cpp">
      <Filter>Source Files\World\Level</Filter>
    </ClCompile>
    <ClCompile Include="Room.cpp">
      <Filter>Source Files\World\Level</Filter>
    </ClCompile>
    <ClCompile Include="ItemType.cpp">
      <Filter>Source Files\World\Objects</Filter>
    </ClCompile>
    <ClCompile Include="EnemyType.cpp">
      <Filter>Source Files\World\Objects</Filter>
    </ClCompile>
    <ClCompile Include="SpellType.cpp">
      <Filter>Source Files\World\Objects</Filter>
    </ClCompile>
  </ItemGroup>
  <ItemGroup>
    <ClInclude Include="Diablo.h">
      <Filter>Header Files</Filter>
    </ClInclude>
    <ClInclude Include="GameConstants.h">
      <Filter>Header Files\Types</Filter>
    </ClInclude>
    <ClInclude Include="GameEnums.h">
      <Filter>Header Files\Types</Filter>
    </ClInclude>
    <ClInclude Include="GameStructs.h">
      <Filter>Header Files\Types</Filter>
    </ClInclude>
    <ClInclude Include="EnemyFactory.h">
      <Filter>Source Files\World\Factories</Filter>
    </ClInclude>
    <ClInclude Include="ItemFactory.h">
      <Filter>Source Files\World\Factories</Filter>
    </ClInclude>
    <ClInclude Include="SpellFactory.h">
      <Filter>Source Files\World\Factories</Filter>
    </ClInclude>
    <ClInclude Include="EnemyType.h">
      <Filter>Source Files\World\Objects</Filter>
    </ClInclude>
    <ClInclude Include="Item.h">
      <Filter>Source Files\World\Objects</Filter>
    </ClInclude>
    <ClInclude Include="ItemType.h">
      <Filter>Source Files\World\Objects</Filter>
    </ClInclude>
    <ClInclude Include="Spell.h">
      <Filter>Source Files\World\Objects</Filter>
    </ClInclude>
    <ClInclude Include="SpellType.h">
      <Filter>Source Files\World\Objects</Filter>
    </ClInclude>
    <ClInclude Include="Cheats.h">
      <Filter>Source Files\Extra</Filter>
    </ClInclude>
    <ClInclude Include="Utils.h">
      <Filter>Source Files\Extra</Filter>
    </ClInclude>
    <ClInclude Include="Chest.h">
      <Filter>Source Files\World\Level</Filter>
    </ClInclude>
    <ClInclude Include="Door.h">
      <Filter>Source Files\World\Level</Filter>
    </ClInclude>
    <ClInclude Include="Room.h">
      <Filter>Source Files\World\Level</Filter>
    </ClInclude>
    <ClInclude Include="WorldMap.h">
      <Filter>Source Files\World</Filter>
    </ClInclude>
    <ClInclude Include="Enemy.h">
      <Filter>Source Files\Characters</Filter>
    </ClInclude>
    <ClInclude Include="Player.h">
      <Filter>Source Files\Characters</Filter>
    </ClInclude>
    <ClInclude Include="PlayerController.h">
      <Filter>Source Files\Characters</Filter>
    </ClInclude>
  </ItemGroup>
</Project>