<?xml version="1.0" encoding="utf-8"?>
<Project ToolsVersion="4.0" xmlns="http://schemas.microsoft.com/developer/msbuild/2003">
  <ItemGroup>
    <Filter Include="Source Files">
      <UniqueIdentifier>{4FC737F1-C7A5-4376-A066-2A32D752A2FF}</UniqueIdentifier>
      <Extensions>cpp;c;cc;cxx;c++;cppm;ixx;def;odl;idl;hpj;bat;asm;asmx</Extensions>
    </Filter>
    <Filter Include="Header Files">
      <UniqueIdentifier>{93995380-89BD-4b04-88EB-625FBE52EBFB}</UniqueIdentifier>
      <Extensions>h;hh;hpp;hxx;h++;hm;inl;inc;ipp;xsd</Extensions>
    </Filter>
    <Filter Include="Resource Files">
      <UniqueIdentifier>{67DA6AB6-F800-4c08-8B7A-83BB121AAD01}</UniqueIdentifier>
      <Extensions>rc;ico;cur;bmp;dlg;rc2;rct;bin;rgs;gif;jpg;jpeg;jpe;resx;tiff;tif;png;wav;mfcribbon-ms</Extensions>
    </Filter>
  </ItemGroup>
  <ItemGroup>
    <ClInclude Include="Source\Camera\Camera.h">
      <Filter>Header Files</Filter>
    </ClInclude>
    <ClInclude Include="Source\Camera\CameraController.h">
      <Filter>Header Files</Filter>
    </ClInclude>
    <ClInclude Include="Source\CommonUtilities\input\InputManager.h">
      <Filter>Header Files</Filter>
    </ClInclude>
    <ClInclude Include="Source\CommonUtilities\input\XInput.h">
      <Filter>Header Files</Filter>
    </ClInclude>
    <ClInclude Include="Source\CommonUtilities\math\color.h">
      <Filter>Header Files</Filter>
    </ClInclude>
    <ClInclude Include="Source\CommonUtilities\math\CommonMath.h">
      <Filter>Header Files</Filter>
    </ClInclude>
    <ClInclude Include="Source\CommonUtilities\math\FMath.h">
      <Filter>Header Files</Filter>
    </ClInclude>
    <ClInclude Include="Source\CommonUtilities\math\Matrix.h">
      <Filter>Header Files</Filter>
    </ClInclude>
    <ClInclude Include="Source\CommonUtilities\math\Matrix2x2.h">
      <Filter>Header Files</Filter>
    </ClInclude>
    <ClInclude Include="Source\CommonUtilities\math\Matrix3x3.h">
      <Filter>Header Files</Filter>
    </ClInclude>
    <ClInclude Include="Source\CommonUtilities\math\Matrix4x4.h">
      <Filter>Header Files</Filter>
    </ClInclude>
    <ClInclude Include="Source\CommonUtilities\math\Quaternion.h">
      <Filter>Header Files</Filter>
    </ClInclude>
    <ClInclude Include="Source\CommonUtilities\math\ScaleRotationTranslation.h">
      <Filter>Header Files</Filter>
    </ClInclude>
    <ClInclude Include="Source\CommonUtilities\math\Vector.h">
      <Filter>Header Files</Filter>
    </ClInclude>
    <ClInclude Include="Source\CommonUtilities\math\vector2.h">
      <Filter>Header Files</Filter>
    </ClInclude>
    <ClInclude Include="Source\CommonUtilities\math\Vector3.h">
      <Filter>Header Files</Filter>
    </ClInclude>
    <ClInclude Include="Source\CommonUtilities\math\vector4.h">
      <Filter>Header Files</Filter>
    </ClInclude>
    <ClInclude Include="Source\CommonUtilities\AABB3D.h">
      <Filter>Header Files</Filter>
    </ClInclude>
    <ClInclude Include="Source\CommonUtilities\framework.h">
      <Filter>Header Files</Filter>
    </ClInclude>
    <ClInclude Include="Source\CommonUtilities\InputHandler.h">
      <Filter>Header Files</Filter>
    </ClInclude>
    <ClInclude Include="Source\CommonUtilities\InputTest.h">
      <Filter>Header Files</Filter>
    </ClInclude>
    <ClInclude Include="Source\CommonUtilities\Line.h">
      <Filter>Header Files</Filter>
    </ClInclude>
    <ClInclude Include="Source\CommonUtilities\LineVolume.h">
      <Filter>Header Files</Filter>
    </ClInclude>
    <ClInclude Include="Source\CommonUtilities\Matrix3x3.h">
      <Filter>Header Files</Filter>
    </ClInclude>
    <ClInclude Include="Source\CommonUtilities\Matrix4x4.h">
      <Filter>Header Files</Filter>
    </ClInclude>
    <ClInclude Include="Source\CommonUtilities\pch.h">
      <Filter>Header Files</Filter>
    </ClInclude>
    <ClInclude Include="Source\CommonUtilities\Plane.h">
      <Filter>Header Files</Filter>
    </ClInclude>
    <ClInclude Include="Source\CommonUtilities\PlaneVolume.h">
      <Filter>Header Files</Filter>
    </ClInclude>
    <ClInclude Include="Source\CommonUtilities\Print.h">
      <Filter>Header Files</Filter>
    </ClInclude>
    <ClInclude Include="Source\CommonUtilities\Random.h">
      <Filter>Header Files</Filter>
    </ClInclude>
    <ClInclude Include="Source\CommonUtilities\Ray.h">
      <Filter>Header Files</Filter>
    </ClInclude>
    <ClInclude Include="Source\CommonUtilities\Sphere.h">
      <Filter>Header Files</Filter>
    </ClInclude>
    <ClInclude Include="Source\CommonUtilities\targetver.h">
      <Filter>Header Files</Filter>
    </ClInclude>
    <ClInclude Include="Source\CommonUtilities\Timer.h">
      <Filter>Header Files</Filter>
    </ClInclude>
    <ClInclude Include="Source\CommonUtilities\UtilityFunctions.h">
      <Filter>Header Files</Filter>
    </ClInclude>
    <ClInclude Include="Source\CommonUtilities\Vector2.h">
      <Filter>Header Files</Filter>
    </ClInclude>
    <ClInclude Include="Source\CommonUtilities\Vector3.h">
      <Filter>Header Files</Filter>
    </ClInclude>
    <ClInclude Include="Source\CommonUtilities\Vector4.h">
      <Filter>Header Files</Filter>
    </ClInclude>
    <ClInclude Include="Source\CommonUtilities\version.h">
      <Filter>Header Files</Filter>
    </ClInclude>
    <ClInclude Include="Source\CommonUtilities\xxh64_en.hpp">
      <Filter>Header Files</Filter>
    </ClInclude>
    <ClInclude Include="Source\GameObject\GameObject.h">
      <Filter>Header Files</Filter>
    </ClInclude>
    <ClInclude Include="Source\GameObject\GameObjectFactory.h">
      <Filter>Header Files</Filter>
    </ClInclude>
    <ClInclude Include="Source\Graphics\GraphicsEngine.h">
      <Filter>Header Files</Filter>
    </ClInclude>
    <ClInclude Include="Source\Model\Mesh.h">
      <Filter>Header Files</Filter>
    </ClInclude>
    <ClInclude Include="Source\Model\PrimitiveMeshes.h">
      <Filter>Header Files</Filter>
    </ClInclude>
    <ClInclude Include="Source\Model\TerrainMesh.h">
      <Filter>Header Files</Filter>
    </ClInclude>
    <ClInclude Include="Source\Model\Texture.h">
      <Filter>Header Files</Filter>
    </ClInclude>
    <ClInclude Include="Source\Model\Vertex.h">
      <Filter>Header Files</Filter>
    </ClInclude>
    <ClInclude Include="Source\Shader\Shader.h">
      <Filter>Header Files</Filter>
    </ClInclude>
    <ClInclude Include="Source\Shader\ShaderFactory.h">
      <Filter>Header Files</Filter>
    </ClInclude>
    <ClInclude Include="Source\Engine.h">
      <Filter>Header Files</Filter>
    </ClInclude>
    <ClInclude Include="Source\GameWorld.h">
      <Filter>Header Files</Filter>
    </ClInclude>
    <ClInclude Include="Source\Main.h">
      <Filter>Header Files</Filter>
    </ClInclude>
    <ClInclude Include="Source\Resource.h">
      <Filter>Header Files</Filter>
    </ClInclude>
    <ClInclude Include="Source\stb_image.h">
      <Filter>Header Files</Filter>
    </ClInclude>
    <ClInclude Include="Source\targetver.h">
      <Filter>Header Files</Filter>
    </ClInclude>
    <ClInclude Include="Source\tiny_obj_loader.h">
      <Filter>Header Files</Filter>
    </ClInclude>
    <ClInclude Include="Source\uppgift_1_5_helper.h">
      <Filter>Header Files</Filter>
    </ClInclude>
    <ClInclude Include="Source\Cubemap.h">
      <Filter>Header Files</Filter>
    </ClInclude>
    <ClInclude Include="Source\External\DDSTextureLoader\DDSTextureLoader9.h">
      <Filter>Header Files</Filter>
    </ClInclude>
    <ClInclude Include="Source\External\DDSTextureLoader\DDSTextureLoader11.h">
      <Filter>Header Files</Filter>
    </ClInclude>
    <ClInclude Include="Source\Graphics\RenderTarget.h">
      <Filter>Header Files</Filter>
    </ClInclude>
  </ItemGroup>
  <ItemGroup>
    <ClCompile Include="Source\Camera\Camera.cpp">
      <Filter>Source Files</Filter>
    </ClCompile>
    <ClCompile Include="Source\Camera\CameraController.cpp">
      <Filter>Source Files</Filter>
    </ClCompile>
    <ClCompile Include="Source\CommonUtilities\input\InputManager.cpp">
      <Filter>Source Files</Filter>
    </ClCompile>
    <ClCompile Include="Source\CommonUtilities\input\XInput.cpp">
      <Filter>Source Files</Filter>
    </ClCompile>
    <ClCompile Include="Source\CommonUtilities\math\CommonMath.cpp">
      <Filter>Source Files</Filter>
    </ClCompile>
    <ClCompile Include="Source\CommonUtilities\math\FMath.cpp">
      <Filter>Source Files</Filter>
    </ClCompile>
    <ClCompile Include="Source\CommonUtilities\InputHandler.cpp">
      <Filter>Source Files</Filter>
    </ClCompile>
    <ClCompile Include="Source\CommonUtilities\InputTest.cpp">
      <Filter>Source Files</Filter>
    </ClCompile>
    <ClCompile Include="Source\CommonUtilities\pch.cpp">
      <Filter>Source Files</Filter>
    </ClCompile>
    <ClCompile Include="Source\CommonUtilities\Print.cpp">
      <Filter>Source Files</Filter>
    </ClCompile>
    <ClCompile Include="Source\CommonUtilities\Random.cpp">
      <Filter>Source Files</Filter>
    </ClCompile>
    <ClCompile Include="Source\CommonUtilities\Timer.cpp">
      <Filter>Source Files</Filter>
    </ClCompile>
    <ClCompile Include="Source\GameObject\GameObject.cpp">
      <Filter>Source Files</Filter>
    </ClCompile>
    <ClCompile Include="Source\GameObject\GameObjectFactory.cpp">
      <Filter>Source Files</Filter>
    </ClCompile>
    <ClCompile Include="Source\Graphics\GraphicsEngine.cpp">
      <Filter>Source Files</Filter>
    </ClCompile>
    <ClCompile Include="Source\Model\Mesh.cpp">
      <Filter>Source Files</Filter>
    </ClCompile>
    <ClCompile Include="Source\Model\PrimitiveMeshes.cpp">
      <Filter>Source Files</Filter>
    </ClCompile>
    <ClCompile Include="Source\Model\TerrainMesh.cpp">
      <Filter>Source Files</Filter>
    </ClCompile>
    <ClCompile Include="Source\Model\Texture.cpp">
      <Filter>Source Files</Filter>
    </ClCompile>
    <ClCompile Include="Source\Shader\Shader.cpp">
      <Filter>Source Files</Filter>
    </ClCompile>
    <ClCompile Include="Source\Shader\ShaderFactory.cpp">
      <Filter>Source Files</Filter>
    </ClCompile>
    <ClCompile Include="Source\Engine.cpp">
      <Filter>Source Files</Filter>
    </ClCompile>
    <ClCompile Include="Source\GameWorld.cpp">
      <Filter>Source Files</Filter>
    </ClCompile>
    <ClCompile Include="Source\Main.cpp">
      <Filter>Source Files</Filter>
    </ClCompile>
    <ClCompile Include="Source\Cubemap.cpp">
      <Filter>Source Files</Filter>
    </ClCompile>
    <ClCompile Include="Source\External\DDSTextureLoader\DDSTextureLoader9.cpp">
      <Filter>Source Files</Filter>
    </ClCompile>
    <ClCompile Include="Source\External\DDSTextureLoader\DDSTextureLoader11.cpp">
      <Filter>Source Files</Filter>
    </ClCompile>
    <ClCompile Include="Source\Graphics\RenderTarget.cpp">
      <Filter>Source Files</Filter>
    </ClCompile>
  </ItemGroup>
  <ItemGroup>
    <Image Include="Assets\Textures\Grass_c.png">
      <Filter>Resource Files</Filter>
    </Image>
    <Image Include="Assets\Textures\Grass_n.png">
      <Filter>Resource Files</Filter>
    </Image>
    <Image Include="Assets\Textures\Grass001.png">
      <Filter>Resource Files</Filter>
    </Image>
    <Image Include="Assets\Textures\Rock_c.png">
      <Filter>Resource Files</Filter>
    </Image>
    <Image Include="Assets\Textures\Rock_n.png">
      <Filter>Resource Files</Filter>
    </Image>
    <Image Include="Assets\Textures\Rock051.png">
      <Filter>Resource Files</Filter>
    </Image>
    <Image Include="Assets\Textures\Snow_c.png">
      <Filter>Resource Files</Filter>
    </Image>
    <Image Include="Assets\Textures\Snow_n.png">
      <Filter>Resource Files</Filter>
    </Image>
    <Image Include="Assets\Textures\Snow010A.png">
      <Filter>Resource Files</Filter>
    </Image>
    <Image Include="Assets\Textures\testnormal.png">
      <Filter>Resource Files</Filter>
    </Image>
    <Image Include="Assets\Textures\texture.png">
      <Filter>Resource Files</Filter>
    </Image>
    <Image Include="Assets\Textures\texture_2.png">
      <Filter>Resource Files</Filter>
    </Image>
    <Image Include="Assets\Models\car\Body_dDo_d_orange.jpg">
      <Filter>Resource Files</Filter>
    </Image>
    <Image Include="Assets\Models\car\Body_dDo_g.jpg">
      <Filter>Resource Files</Filter>
    </Image>
    <Image Include="Assets\Models\car\Body_dDo_s.jpg">
      <Filter>Resource Files</Filter>
    </Image>
    <Image Include="Assets\Models\car\Body_illumination.jpg">
      <Filter>Resource Files</Filter>
    </Image>
    <Image Include="Assets\Models\car\Interior_dDo_d_black.jpg">
      <Filter>Resource Files</Filter>
    </Image>
    <Image Include="Assets\Models\car\Interior_dDo_g.jpg">
      <Filter>Resource Files</Filter>
    </Image>
    <Image Include="Assets\Models\car\Interior_dDo_s.jpg">
      <Filter>Resource Files</Filter>
    </Image>
    <Image Include="Assets\Models\car\Pony_cartoon_shadow.png">
      <Filter>Resource Files</Filter>
    </Image>
    <Image Include="Assets\Models\skull-downloadable\textures\difuso_flip_oscuro.jpg">
      <Filter>Resource Files</Filter>
    </Image>
    <Image Include="Assets\Models\skull-downloadable\textures\difuso_flip_oscuro_5.jpg">
      <Filter>Resource Files</Filter>
    </Image>
    <Image Include="Assets\Models\skull-downloadable\textures\normal_flip_3.jpg">
      <Filter>Resource Files</Filter>
    </Image>
    <Image Include="Assets\Textures\cubemap\cube_1024_preblurred_angle3_Skansen3.dds" />
    <Image Include="Assets\Textures\cubemap\Grass_m.png">
      <Filter>Resource Files</Filter>
    </Image>
    <Image Include="Assets\Textures\cubemap\Rock_m.png">
      <Filter>Resource Files</Filter>
    </Image>
    <Image Include="Assets\Textures\cubemap\Snow_m.png">
      <Filter>Resource Files</Filter>
    </Image>
  </ItemGroup>
  <ItemGroup>
    <FxCompile Include="Assets\Shaders\animated_mesh_PS.hlsl" />
    <FxCompile Include="Assets\Shaders\camera_pos_PS.hlsl" />
    <FxCompile Include="Assets\Shaders\colored_mesh_PS.hlsl" />
    <FxCompile Include="Assets\Shaders\colored_mesh_VS.hlsl" />
    <FxCompile Include="Assets\Shaders\default_PS.hlsl" />
    <FxCompile Include="Assets\Shaders\default_VS.hlsl" />
    <FxCompile Include="Assets\Shaders\Model_animated_PS.hlsl" />
    <FxCompile Include="Assets\Shaders\Model_animated_VS.hlsl" />
    <FxCompile Include="Assets\Shaders\Model_lit_PS.hlsl" />
    <FxCompile Include="Assets\Shaders\Model_lit_VS.hlsl" />
    <FxCompile Include="Assets\Shaders\Terrain_PS.hlsl" />
    <FxCompile Include="Assets\Shaders\Terrain_VS.hlsl" />
    <FxCompile Include="Assets\Shaders\textured_mesh_PS.hlsl" />
    <FxCompile Include="Assets\Shaders\PostprocessTonemapPS.hlsl" />
    <FxCompile Include="Assets\Shaders\Water_PS.hlsl" />
    <FxCompile Include="Assets\Shaders\Water_VS.hlsl" />
  </ItemGroup>
  <ItemGroup>
    <None Include="Main.slnx" />
    <None Include="Assets\Models\car\Pony_cartoon.mtl" />
    <None Include="Assets\Models\skull-downloadable\source\craneo.zip.zip" />
    <None Include="Assets\Shaders\common.hlsli" />
    <None Include="Assets\Shaders\PBRFunctions.hlsli" />
    <None Include="Assets\Shaders\PostprocessStructs.hlsli" />
    <None Include="Assets\Shaders\Tonemap.hlsli" />
  </ItemGroup>
</Project>